
Microsoft Visual Studio Solution File, Format Version 12.00
# Visual Studio 15
VisualStudioVersion = 15.0.27703.2047
MinimumVisualStudioVersion = 10.0.40219.1
Project("{FAE04EC0-301F-11D3-BF4B-00C04F79EFBC}") = "MenuStrip", "MenuStrip\MenuStrip.csproj", "{108DCF98-FF4B-47CA-95B6-BEBB813120D4}"
EndProject
Global
	GlobalSection(SolutionConfigurationPlatforms) = preSolution
		Debug|Any CPU = Debug|Any CPU
		Release|Any CPU = Release|Any CPU
	EndGlobalSection
	GlobalSection(ProjectConfigurationPlatforms) = postSolution
		{108DCF98-FF4B-47CA-95B6-BEBB813120D4}.Debug|Any CPU.ActiveCfg = Debug|Any CPU
		{108DCF98-FF4B-47CA-95B6-BEBB813120D4}.Debug|Any CPU.Build.0 = Debug|Any CPU
		{108DCF98-FF4B-47CA-95B6-BEBB813120D4}.Release|Any CPU.ActiveCfg = Release|Any CPU
		{108DCF98-FF4B-47CA-95B6-BEBB813120D4}.Release|Any CPU.Build.0 = Release|Any CPU
	EndGlobalSection
	GlobalSection(SolutionProperties) = preSolution
		HideSolutionNode = FALSE
	EndGlobalSection
	GlobalSection(ExtensibilityGlobals) = postSolution
		SolutionGuid = {0A9F8093-050A-4C14-90AE-BE90C4938BA7}
	EndGlobalSection
EndGlobal
